# THIS IS AN AUTOGENERATED FILE. DO NOT EDIT THIS FILE DIRECTLY.
# yarn lockfile v1


threejs-miniprogram@0.0.3:
  version "0.0.3"
  resolved "https://registry.npm.taobao.org/threejs-miniprogram/download/threejs-miniprogram-0.0.3.tgz#deda20f6c320ee81e89eca19b6831f702519b9ca"
  integrity sha1-3tog9sMg7oHonsoZtoMfcCUZuco=
